
Microsoft Visual Studio Solution File, Format Version 12.00
# Visual Studio Version 17
VisualStudioVersion = 17.14.36915.13
MinimumVisualStudioVersion = 10.0.40219.1
Project("{FAE04EC0-301F-11D3-BF4B-00C04F79EFBC}") = "Quisumbing-ShortExercise2", "Quisumbing-ShortExercise2.csproj", "{E20663F3-0953-42A6-AA35-67FD473F1924}"
EndProject
Global
	GlobalSection(SolutionConfigurationPlatforms) = preSolution
		Debug|Any CPU = Debug|Any CPU
		Release|Any CPU = Release|Any CPU
	EndGlobalSection
	GlobalSection(ProjectConfigurationPlatforms) = postSolution
		{E20663F3-0953-42A6-AA35-67FD473F1924}.Debug|Any CPU.ActiveCfg = Debug|Any CPU
		{E20663F3-0953-42A6-AA35-67FD473F1924}.Debug|Any CPU.Build.0 = Debug|Any CPU
		{E20663F3-0953-42A6-AA35-67FD473F1924}.Release|Any CPU.ActiveCfg = Release|Any CPU
		{E20663F3-0953-42A6-AA35-67FD473F1924}.Release|Any CPU.Build.0 = Release|Any CPU
	EndGlobalSection
	GlobalSection(SolutionProperties) = preSolution
		HideSolutionNode = FALSE
	EndGlobalSection
	GlobalSection(ExtensibilityGlobals) = postSolution
		SolutionGuid = {4D46C8B6-613E-447C-BD9A-A88862FE983B}
	EndGlobalSection
EndGlobal
